// !$*UTF8*$!
{
	archiveVersion = 1;
	classes = {
	};
	objectVersion = 46;
	objects = {

/* Begin PBXBuildFile section */
		97FAF6171C34458100E95916 /* AppDelegate.swift in Sources */ = {isa = PBXBuildFile; fileRef = 97FAF6161C34458100E95916 /* AppDelegate.swift */; };
		97FAF6191C34458100E95916 /* ViewController.swift in Sources */ = {isa = PBXBuildFile; fileRef = 97FAF6181C34458100E95916 /* ViewController.swift */; };
		97FAF61C1C34458100E95916 /* Main.storyboard in Resources */ = {isa = PBXBuildFile; fileRef = 97FAF61A1C34458100E95916 /* Main.storyboard */; };
		97FAF61E1C34458100E95916 /* Assets.xcassets in Resources */ = {isa = PBXBuildFile; fileRef = 97FAF61D1C34458100E95916 /* Assets.xcassets */; };
		97FAF6211C34458100E95916 /* LaunchScreen.storyboard in Resources */ = {isa = PBXBuildFile; fileRef = 97FAF61F1C34458100E95916 /* LaunchScreen.storyboard */; };
		97FAF6291C34458F00E95916 /* SwiftNotice.swift in Sources */ = {isa = PBXBuildFile; fileRef = 97FAF6281C34458F00E95916 /* SwiftNotice.swift */; };
/* End PBXBuildFile section */

/* Begin PBXFileReference section */
		97FAF6131C34458100E95916 /* Notice.app */ = {isa = PBXFileReference; explicitFileType = wrapper.application; includeInIndex = 0; path = Notice.app; sourceTree = BUILT_PRODUCTS_DIR; };
		97FAF6161C34458100E95916 /* AppDelegate.swift */ = {isa = PBXFileReference; lastKnownFileType = sourcecode.swift; path = AppDelegate.swift; sourceTree = "<group>"; };
		97FAF6181C34458100E95916 /* ViewController.swift */ = {isa = PBXFileReference; lastKnownFileType = sourcecode.swift; path = ViewController.swift; sourceTree = "<group>"; };
		97FAF61B1C34458100E95916 /* Base */ = {isa = PBXFileReference; lastKnownFileType = file.storyboard; name = Base; path = Base.lproj/Main.storyboard; sourceTree = "<group>"; };
		97FAF61D1C34458100E95916 /* Assets.xcassets */ = {isa = PBXFileReference; lastKnownFileType = folder.assetcatalog; path = Assets.xcassets; sourceTree = "<group>"; };
		97FAF6201C34458100E95916 /* Base */ = {isa = PBXFileReference; lastKnownFileType = file.storyboard; name = Base; path = Base.lproj/LaunchScreen.storyboard; sourceTree = "<group>"; };
		97FAF6221C34458100E95916 /* Info.plist */ = {isa = PBXFileReference; lastKnownFileType = text.plist.xml; path = Info.plist; sourceTree = "<group>"; };
		97FAF6281C34458F00E95916 /* SwiftNotice.swift */ = {isa = PBXFileReference; fileEncoding = 4; lastKnownFileType = sourcecode.swift; path = SwiftNotice.swift; sourceTree = "<group>"; };
/* End PBXFileReference section */

/* Begin PBXFrameworksBuildPhase section */
		97FAF6101C34458100E95916 /* Frameworks */ = {
			isa = PBXFrameworksBuildPhase;
			buildActionMask = 2147483647;
			files = (
			);
			runOnlyForDeploymentPostprocessing = 0;
		};
/* End PBXFrameworksBuildPhase section */

/* Begin PBXGroup section */
		97FAF60A1C34458100E95916 = {
			isa = PBXGroup;
			children = (
				97FAF6151C34458100E95916 /* Notice */,
				97FAF6141C34458100E95916 /* Products */,
			);
			sourceTree = "<group>";
		};
		97FAF6141C34458100E95916 /* Products */ = {
			isa = PBXGroup;
			children = (
				97FAF6131C34458100E95916 /* Notice.app */,
			);
			name = Products;
			sourceTree = "<group>";
		};
		97FAF6151C34458100E95916 /* Notice */ = {
			isa = PBXGroup;
			children = (
				97FAF6281C34458F00E95916 /* SwiftNotice.swift */,
				97FAF6161C34458100E95916 /* AppDelegate.swift */,
				97FAF6181C34458100E95916 /* ViewController.swift */,
				97FAF61A1C34458100E95916 /* Main.storyboard */,
				97FAF61D1C34458100E95916 /* Assets.xcassets */,
				97FAF61F1C34458100E95916 /* LaunchScreen.storyboard */,
				97FAF6221C34458100E95916 /* Info.plist */,
			);
			path = Notice;
			sourceTree = "<group>";
		};
/* End PBXGroup section */

/* Begin PBXNativeTarget section */
		97FAF6121C34458100E95916 /* Notice */ = {
			isa = PBXNativeTarget;
			buildConfigurationList = 97FAF6251C34458100E95916 /* Build configuration list for PBXNativeTarget "Notice" */;
			buildPhases = (
				97FAF60F1C34458100E95916 /* Sources */,
				97FAF6101C34458100E95916 /* Frameworks */,
				97FAF6111C34458100E95916 /* Resources */,
			);
			buildRules = (
			);
			dependencies = (
			);
			name = Notice;
			productName = Notice;
			productReference = 97FAF6131C34458100E95916 /* Notice.app */;
			productType = "com.apple.product-type.application";
		};
/* End PBXNativeTarget section */

/* Begin PBXProject section */
		97FAF60B1C34458100E95916 /* Project object */ = {
			isa = PBXProject;
			attributes = {
				LastSwiftUpdateCheck = 0720;
				LastUpgradeCheck = 0720;
				ORGANIZATIONNAME = UnciaX;
				TargetAttributes = {
					97FAF6121C34458100E95916 = {
						CreatedOnToolsVersion = 7.2;
						DevelopmentTeam = GGW3Z2VSW7;
					};
				};
			};
			buildConfigurationList = 97FAF60E1C34458100E95916 /* Build configuration list for PBXProject "Notice" */;
			compatibilityVersion = "Xcode 3.2";
			developmentRegion = English;
			hasScannedForEncodings = 0;
			knownRegions = (
				en,
				Base,
			);
			mainGroup = 97FAF60A1C34458100E95916;
			productRefGroup = 97FAF6141C34458100E95916 /* Products */;
			projectDirPath = "";
			projectRoot = "";
			targets = (
				97FAF6121C34458100E95916 /* Notice */,
			);
		};
/* End PBXProject section */

/* Begin PBXResourcesBuildPhase section */
		97FAF6111C34458100E95916 /* Resources */ = {
			isa = PBXResourcesBuildPhase;
			buildActionMask = 2147483647;
			files = (
				97FAF6211C34458100E95916 /* LaunchScreen.storyboard in Resources */,
				97FAF61E1C34458100E95916 /* Assets.xcassets in Resources */,
				97FAF61C1C34458100E95916 /* Main.storyboard in Resources */,
			);
			runOnlyForDeploymentPostprocessing = 0;
		};
/* End PBXResourcesBuildPhase section */

/* Begin PBXSourcesBuildPhase section */
		97FAF60F1C34458100E95916 /* Sources */ = {
			isa = PBXSourcesBuildPhase;
			buildActionMask = 2147483647;
			files = (
				97FAF6291C34458F00E95916 /* SwiftNotice.swift in Sources */,
				97FAF6191C34458100E95916 /* ViewController.swift in Sources */,
				97FAF6171C34458100E95916 /* AppDelegate.swift in Sources */,
			);
			runOnlyForDeploymentPostprocessing = 0;
		};
/* End PBXSourcesBuildPhase section */

/* Begin PBXVariantGroup section */
		97FAF61A1C34458100E95916 /* Main.storyboard */ = {
			isa = PBXVariantGroup;
			children = (
				97FAF61B1C34458100E95916 /* Base */,
			);
			name = Main.storyboard;
			sourceTree = "<group>";
		};
		97FAF61F1C34458100E95916 /* LaunchScreen.storyboard */ = {
			isa = PBXVariantGroup;
			children = (
				97FAF6201C34458100E95916 /* Base */,
			);
			name = LaunchScreen.storyboard;
			sourceTree = "<group>";
		};
/* End PBXVariantGroup section */

/* Begin XCBuildConfiguration section */
		97FAF6231C34458100E95916 /* Debug */ = {
			isa = XCBuildConfiguration;
			buildSettings = {
				ALWAYS_SEARCH_USER_PATHS = NO;
				CLANG_CXX_LANGUAGE_STANDARD = "gnu++0x";
				CLANG_CXX_LIBRARY = "libc++";
				CLANG_ENABLE_MODULES = YES;
				CLANG_ENABLE_OBJC_ARC = YES;
				CLANG_WARN_BOOL_CONVERSION = YES;
				CLANG_WARN_CONSTANT_CONVERSION = YES;
				CLANG_WARN_DIRECT_OBJC_ISA_USAGE = YES_ERROR;
				CLANG_WARN_EMPTY_BODY = YES;
				CLANG_WARN_ENUM_CONVERSION = YES;
				CLANG_WARN_INT_CONVERSION = YES;
				CLANG_WARN_OBJC_ROOT_CLASS = YES_ERROR;
				CLANG_WARN_UNREACHABLE_CODE = YES;
				CLANG_WARN__DUPLICATE_METHOD_MATCH = YES;
				"CODE_SIGN_IDENTITY[sdk=iphoneos*]" = "iPhone Developer";
				COPY_PHASE_STRIP = NO;
				DEBUG_INFORMATION_FORMAT = dwarf;
				ENABLE_STRICT_OBJC_MSGSEND = YES;
				ENABLE_TESTABILITY = YES;
				GCC_C_LANGUAGE_STANDARD = gnu99;
				GCC_DYNAMIC_NO_PIC = NO;
				GCC_NO_COMMON_BLOCKS = YES;
				GCC_OPTIMIZATION_LEVEL = 0;
				GCC_PREPROCESSOR_DEFINITIONS = (
					"DEBUG=1",
					"$(inherited)",
				);
				GCC_WARN_64_TO_32_BIT_CONVERSION = YES;
				GCC_WARN_ABOUT_RETURN_TYPE = YES_ERROR;
				GCC_WARN_UNDECLARED_SELECTOR = YES;
				GCC_WARN_UNINITIALIZED_AUTOS = YES_AGGRESSIVE;
				GCC_WARN_UNUSED_FUNCTION = YES;
				GCC_WARN_UNUSED_VARIABLE = YES;
				IPHONEOS_DEPLOYMENT_TARGET = 9.2;
				MTL_ENABLE_DEBUG_INFO = YES;
				ONLY_ACTIVE_ARCH = YES;
				SDKROOT = iphoneos;
				SWIFT_OPTIMIZATION_LEVEL = "-Onone";
			};
			name = Debug;
		};
		97FAF6241C34458100E95916 /* Release */ = {
			isa = XCBuildConfiguration;
			buildSettings = {
				ALWAYS_SEARCH_USER_PATHS = NO;
				CLANG_CXX_LANGUAGE_STANDARD = "gnu++0x";
				CLANG_CXX_LIBRARY = "libc++";
				CLANG_ENABLE_MODULES = YES;
				CLANG_ENABLE_OBJC_ARC = YES;
				CLANG_WARN_BOOL_CONVERSION = YES;
				CLANG_WARN_CONSTANT_CONVERSION = YES;
				CLANG_WARN_DIRECT_OBJC_ISA_USAGE = YES_ERROR;
				CLANG_WARN_EMPTY_BODY = YES;
				CLANG_WARN_ENUM_CONVERSION = YES;
				CLANG_WARN_INT_CONVERSION = YES;
				CLANG_WARN_OBJC_ROOT_CLASS = YES_ERROR;
				CLANG_WARN_UNREACHABLE_CODE = YES;
				CLANG_WARN__DUPLICATE_METHOD_MATCH = YES;
				"CODE_SIGN_IDENTITY[sdk=iphoneos*]" = "iPhone Developer";
				COPY_PHASE_STRIP = NO;
				DEBUG_INFORMATION_FORMAT = "dwarf-with-dsym";
				ENABLE_NS_ASSERTIONS = NO;
				ENABLE_STRICT_OBJC_MSGSEND = YES;
				GCC_C_LANGUAGE_STANDARD = gnu99;
				GCC_NO_COMMON_BLOCKS = YES;
				GCC_WARN_64_TO_32_BIT_CONVERSION = YES;
				GCC_WARN_ABOUT_RETURN_TYPE = YES_ERROR;
				GCC_WARN_UNDECLARED_SELECTOR = YES;
				GCC_WARN_UNINITIALIZED_AUTOS = YES_AGGRESSIVE;
				GCC_WARN_UNUSED_FUNCTION = YES;
				GCC_WARN_UNUSED_VARIABLE = YES;
				IPHONEOS_DEPLOYMENT_TARGET = 9.2;
				MTL_ENABLE_DEBUG_INFO = NO;
				SDKROOT = iphoneos;
				VALIDATE_PRODUCT = YES;
			};
			name = Release;
		};
		97FAF6261C34458100E95916 /* Debug */ = {
			isa = XCBuildConfiguration;
			buildSettings = {
				ASSETCATALOG_COMPILER_APPICON_NAME = AppIcon;
				INFOPLIST_FILE = Notice/Info.plist;
				LD_RUNPATH_SEARCH_PATHS = "$(inherited) @executable_path/Frameworks";
				PRODUCT_BUNDLE_IDENTIFIER = tw.edu.nkfust.u0251055.Notice;
				PRODUCT_NAME = "$(TARGET_NAME)";
			};
			name = Debug;
		};
		97FAF6271C34458100E95916 /* Release */ = {
			isa = XCBuildConfiguration;
			buildSettings = {
				ASSETCATALOG_COMPILER_APPICON_NAME = AppIcon;
				INFOPLIST_FILE = Notice/Info.plist;
				LD_RUNPATH_SEARCH_PATHS = "$(inherited) @executable_path/Frameworks";
				PRODUCT_BUNDLE_IDENTIFIER = tw.edu.nkfust.u0251055.Notice;
				PRODUCT_NAME = "$(TARGET_NAME)";
			};
			name = Release;
		};
/* End XCBuildConfiguration section */

/* Begin XCConfigurationList section */
		97FAF60E1C34458100E95916 /* Build configuration list for PBXProject "Notice" */ = {
			isa = XCConfigurationList;
			buildConfigurations = (
				97FAF6231C34458100E95916 /* Debug */,
				97FAF6241C34458100E95916 /* Release */,
			);
			defaultConfigurationIsVisible = 0;
			defaultConfigurationName = Release;
		};
		97FAF6251C34458100E95916 /* Build configuration list for PBXNativeTarget "Notice" */ = {
			isa = XCConfigurationList;
			buildConfigurations = (
				97FAF6261C34458100E95916 /* Debug */,
				97FAF6271C34458100E95916 /* Release */,
			);
			defaultConfigurationIsVisible = 0;
		};
/* End XCConfigurationList section */
	};
	rootObject = 97FAF60B1C34458100E95916 /* Project object */;
}
