// !$*UTF8*$!
{
	archiveVersion = 1;
	classes = {
	};
	objectVersion = 46;
	objects = {

/* Begin PBXBuildFile section */
		08295301C42FED18126E67C9 /* Pods.framework in Frameworks */ = {isa = PBXBuildFile; fileRef = B50C5A110DF9DE799262F1BC /* Pods.framework */; };
		97FAF5E21C2ED73C00E95916 /* AppDelegate.swift in Sources */ = {isa = PBXBuildFile; fileRef = 97FAF5E11C2ED73C00E95916 /* AppDelegate.swift */; };
		97FAF5E41C2ED73C00E95916 /* StickerViewController.swift in Sources */ = {isa = PBXBuildFile; fileRef = 97FAF5E31C2ED73C00E95916 /* StickerViewController.swift */; };
		97FAF5E71C2ED73C00E95916 /* Main.storyboard in Resources */ = {isa = PBXBuildFile; fileRef = 97FAF5E51C2ED73C00E95916 /* Main.storyboard */; };
		97FAF5E91C2ED73D00E95916 /* Assets.xcassets in Resources */ = {isa = PBXBuildFile; fileRef = 97FAF5E81C2ED73D00E95916 /* Assets.xcassets */; };
		97FAF5EC1C2ED73D00E95916 /* LaunchScreen.storyboard in Resources */ = {isa = PBXBuildFile; fileRef = 97FAF5EA1C2ED73D00E95916 /* LaunchScreen.storyboard */; };
		97FAF5F41C2EE48400E95916 /* StickerListCell.swift in Sources */ = {isa = PBXBuildFile; fileRef = 97FAF5F31C2EE48400E95916 /* StickerListCell.swift */; };
		97FAF5F71C2EE4C900E95916 /* StickerObjectCell.swift in Sources */ = {isa = PBXBuildFile; fileRef = 97FAF5F61C2EE4C900E95916 /* StickerObjectCell.swift */; };
		97FAF5F91C2EE92800E95916 /* StickerListCollectionViewController.swift in Sources */ = {isa = PBXBuildFile; fileRef = 97FAF5F81C2EE92800E95916 /* StickerListCollectionViewController.swift */; };
		97FAF5FE1C2F70FD00E95916 /* DataCore.swift in Sources */ = {isa = PBXBuildFile; fileRef = 97FAF5FD1C2F70FD00E95916 /* DataCore.swift */; };
		97FAF6001C2F72C600E95916 /* SQLiteDB.swift in Sources */ = {isa = PBXBuildFile; fileRef = 97FAF5FF1C2F72C600E95916 /* SQLiteDB.swift */; };
		97FAF6021C2F783B00E95916 /* sticker.swift in Sources */ = {isa = PBXBuildFile; fileRef = 97FAF6011C2F783B00E95916 /* sticker.swift */; };
		97FAF6041C2F78ED00E95916 /* stickerSet.swift in Sources */ = {isa = PBXBuildFile; fileRef = 97FAF6031C2F78ED00E95916 /* stickerSet.swift */; };
		97FAF6091C343C1400E95916 /* CustomIndicator.swift in Sources */ = {isa = PBXBuildFile; fileRef = 97FAF6081C343C1400E95916 /* CustomIndicator.swift */; };
		97FAF62D1C349C8E00E95916 /* ShowLargeStickerViewController.swift in Sources */ = {isa = PBXBuildFile; fileRef = 97FAF62C1C349C8E00E95916 /* ShowLargeStickerViewController.swift */; };
		97FAF6351C379EB600E95916 /* LINEAPI.swift in Sources */ = {isa = PBXBuildFile; fileRef = 97FAF6341C379EB600E95916 /* LINEAPI.swift */; };
/* End PBXBuildFile section */

/* Begin PBXFileReference section */
		0779503C6FB8A188A6744BAC /* Pods.release.xcconfig */ = {isa = PBXFileReference; includeInIndex = 1; lastKnownFileType = text.xcconfig; name = Pods.release.xcconfig; path = "Pods/Target Support Files/Pods/Pods.release.xcconfig"; sourceTree = "<group>"; };
		97FAF5DE1C2ED73C00E95916 /* LINEStickerExplorer.app */ = {isa = PBXFileReference; explicitFileType = wrapper.application; includeInIndex = 0; path = LINEStickerExplorer.app; sourceTree = BUILT_PRODUCTS_DIR; };
		97FAF5E11C2ED73C00E95916 /* AppDelegate.swift */ = {isa = PBXFileReference; lastKnownFileType = sourcecode.swift; path = AppDelegate.swift; sourceTree = "<group>"; };
		97FAF5E31C2ED73C00E95916 /* StickerViewController.swift */ = {isa = PBXFileReference; lastKnownFileType = sourcecode.swift; path = StickerViewController.swift; sourceTree = "<group>"; };
		97FAF5E61C2ED73C00E95916 /* Base */ = {isa = PBXFileReference; lastKnownFileType = file.storyboard; name = Base; path = Base.lproj/Main.storyboard; sourceTree = "<group>"; };
		97FAF5E81C2ED73D00E95916 /* Assets.xcassets */ = {isa = PBXFileReference; lastKnownFileType = folder.assetcatalog; path = Assets.xcassets; sourceTree = "<group>"; };
		97FAF5EB1C2ED73D00E95916 /* Base */ = {isa = PBXFileReference; lastKnownFileType = file.storyboard; name = Base; path = Base.lproj/LaunchScreen.storyboard; sourceTree = "<group>"; };
		97FAF5ED1C2ED73D00E95916 /* Info.plist */ = {isa = PBXFileReference; lastKnownFileType = text.plist.xml; path = Info.plist; sourceTree = "<group>"; };
		97FAF5F31C2EE48400E95916 /* StickerListCell.swift */ = {isa = PBXFileReference; fileEncoding = 4; lastKnownFileType = sourcecode.swift; path = StickerListCell.swift; sourceTree = "<group>"; };
		97FAF5F61C2EE4C900E95916 /* StickerObjectCell.swift */ = {isa = PBXFileReference; fileEncoding = 4; lastKnownFileType = sourcecode.swift; path = StickerObjectCell.swift; sourceTree = "<group>"; };
		97FAF5F81C2EE92800E95916 /* StickerListCollectionViewController.swift */ = {isa = PBXFileReference; fileEncoding = 4; lastKnownFileType = sourcecode.swift; path = StickerListCollectionViewController.swift; sourceTree = "<group>"; };
		97FAF5FA1C2F70A400E95916 /* LINEStickerExplorer-Bridging-Header.h */ = {isa = PBXFileReference; lastKnownFileType = sourcecode.c.h; path = "LINEStickerExplorer-Bridging-Header.h"; sourceTree = "<group>"; };
		97FAF5FD1C2F70FD00E95916 /* DataCore.swift */ = {isa = PBXFileReference; fileEncoding = 4; lastKnownFileType = sourcecode.swift; path = DataCore.swift; sourceTree = "<group>"; };
		97FAF5FF1C2F72C600E95916 /* SQLiteDB.swift */ = {isa = PBXFileReference; fileEncoding = 4; lastKnownFileType = sourcecode.swift; path = SQLiteDB.swift; sourceTree = "<group>"; };
		97FAF6011C2F783B00E95916 /* sticker.swift */ = {isa = PBXFileReference; fileEncoding = 4; lastKnownFileType = sourcecode.swift; path = sticker.swift; sourceTree = "<group>"; };
		97FAF6031C2F78ED00E95916 /* stickerSet.swift */ = {isa = PBXFileReference; fileEncoding = 4; lastKnownFileType = sourcecode.swift; path = stickerSet.swift; sourceTree = "<group>"; };
		97FAF6081C343C1400E95916 /* CustomIndicator.swift */ = {isa = PBXFileReference; fileEncoding = 4; lastKnownFileType = sourcecode.swift; path = CustomIndicator.swift; sourceTree = "<group>"; };
		97FAF62C1C349C8E00E95916 /* ShowLargeStickerViewController.swift */ = {isa = PBXFileReference; fileEncoding = 4; lastKnownFileType = sourcecode.swift; path = ShowLargeStickerViewController.swift; sourceTree = "<group>"; };
		97FAF6341C379EB600E95916 /* LINEAPI.swift */ = {isa = PBXFileReference; fileEncoding = 4; lastKnownFileType = sourcecode.swift; path = LINEAPI.swift; sourceTree = "<group>"; };
		B50C5A110DF9DE799262F1BC /* Pods.framework */ = {isa = PBXFileReference; explicitFileType = wrapper.framework; includeInIndex = 0; path = Pods.framework; sourceTree = BUILT_PRODUCTS_DIR; };
		C02C222070C6FAE18239BEA3 /* Pods.debug.xcconfig */ = {isa = PBXFileReference; includeInIndex = 1; lastKnownFileType = text.xcconfig; name = Pods.debug.xcconfig; path = "Pods/Target Support Files/Pods/Pods.debug.xcconfig"; sourceTree = "<group>"; };
/* End PBXFileReference section */

/* Begin PBXFrameworksBuildPhase section */
		97FAF5DB1C2ED73C00E95916 /* Frameworks */ = {
			isa = PBXFrameworksBuildPhase;
			buildActionMask = 2147483647;
			files = (
				08295301C42FED18126E67C9 /* Pods.framework in Frameworks */,
			);
			runOnlyForDeploymentPostprocessing = 0;
		};
/* End PBXFrameworksBuildPhase section */

/* Begin PBXGroup section */
		32FF7E027DC33EF07405286A /* Pods */ = {
			isa = PBXGroup;
			children = (
				C02C222070C6FAE18239BEA3 /* Pods.debug.xcconfig */,
				0779503C6FB8A188A6744BAC /* Pods.release.xcconfig */,
			);
			name = Pods;
			sourceTree = "<group>";
		};
		62314E1FD06E6207FC21C4E6 /* Frameworks */ = {
			isa = PBXGroup;
			children = (
				B50C5A110DF9DE799262F1BC /* Pods.framework */,
			);
			name = Frameworks;
			sourceTree = "<group>";
		};
		97FAF5D51C2ED73C00E95916 = {
			isa = PBXGroup;
			children = (
				97FAF5E01C2ED73C00E95916 /* LINEStickerExplorer */,
				97FAF5DF1C2ED73C00E95916 /* Products */,
				32FF7E027DC33EF07405286A /* Pods */,
				62314E1FD06E6207FC21C4E6 /* Frameworks */,
			);
			sourceTree = "<group>";
		};
		97FAF5DF1C2ED73C00E95916 /* Products */ = {
			isa = PBXGroup;
			children = (
				97FAF5DE1C2ED73C00E95916 /* LINEStickerExplorer.app */,
			);
			name = Products;
			sourceTree = "<group>";
		};
		97FAF5E01C2ED73C00E95916 /* LINEStickerExplorer */ = {
			isa = PBXGroup;
			children = (
				97FAF6051C2F796400E95916 /* DataStruct */,
				97FAF5F51C2EE49100E95916 /* CollectionViewCell */,
				97FAF5E11C2ED73C00E95916 /* AppDelegate.swift */,
				97FAF5F81C2EE92800E95916 /* StickerListCollectionViewController.swift */,
				97FAF6081C343C1400E95916 /* CustomIndicator.swift */,
				97FAF5E31C2ED73C00E95916 /* StickerViewController.swift */,
				97FAF5E51C2ED73C00E95916 /* Main.storyboard */,
				97FAF62C1C349C8E00E95916 /* ShowLargeStickerViewController.swift */,
				97FAF5E81C2ED73D00E95916 /* Assets.xcassets */,
				97FAF5EA1C2ED73D00E95916 /* LaunchScreen.storyboard */,
				97FAF5ED1C2ED73D00E95916 /* Info.plist */,
				97FAF5FA1C2F70A400E95916 /* LINEStickerExplorer-Bridging-Header.h */,
				97FAF6341C379EB600E95916 /* LINEAPI.swift */,
			);
			path = LINEStickerExplorer;
			sourceTree = "<group>";
		};
		97FAF5F51C2EE49100E95916 /* CollectionViewCell */ = {
			isa = PBXGroup;
			children = (
				97FAF5F31C2EE48400E95916 /* StickerListCell.swift */,
				97FAF5F61C2EE4C900E95916 /* StickerObjectCell.swift */,
			);
			name = CollectionViewCell;
			sourceTree = "<group>";
		};
		97FAF6051C2F796400E95916 /* DataStruct */ = {
			isa = PBXGroup;
			children = (
				97FAF5FD1C2F70FD00E95916 /* DataCore.swift */,
				97FAF5FF1C2F72C600E95916 /* SQLiteDB.swift */,
				97FAF6011C2F783B00E95916 /* sticker.swift */,
				97FAF6031C2F78ED00E95916 /* stickerSet.swift */,
			);
			name = DataStruct;
			sourceTree = "<group>";
		};
/* End PBXGroup section */

/* Begin PBXNativeTarget section */
		97FAF5DD1C2ED73C00E95916 /* LINEStickerExplorer */ = {
			isa = PBXNativeTarget;
			buildConfigurationList = 97FAF5F01C2ED73D00E95916 /* Build configuration list for PBXNativeTarget "LINEStickerExplorer" */;
			buildPhases = (
				06F857CBE635396DA84376F9 /* Check Pods Manifest.lock */,
				97FAF5DA1C2ED73C00E95916 /* Sources */,
				97FAF5DB1C2ED73C00E95916 /* Frameworks */,
				97FAF5DC1C2ED73C00E95916 /* Resources */,
				D44CDF96BA1FDB41531DD8FF /* Embed Pods Frameworks */,
				807C0EDEECE29C99D0927C7C /* Copy Pods Resources */,
			);
			buildRules = (
			);
			dependencies = (
			);
			name = LINEStickerExplorer;
			productName = LINEStickerExplorer;
			productReference = 97FAF5DE1C2ED73C00E95916 /* LINEStickerExplorer.app */;
			productType = "com.apple.product-type.application";
		};
/* End PBXNativeTarget section */

/* Begin PBXProject section */
		97FAF5D61C2ED73C00E95916 /* Project object */ = {
			isa = PBXProject;
			attributes = {
				LastSwiftUpdateCheck = 0720;
				LastUpgradeCheck = 0720;
				ORGANIZATIONNAME = UnciaX;
				TargetAttributes = {
					97FAF5DD1C2ED73C00E95916 = {
						CreatedOnToolsVersion = 7.2;
						DevelopmentTeam = GGW3Z2VSW7;
					};
				};
			};
			buildConfigurationList = 97FAF5D91C2ED73C00E95916 /* Build configuration list for PBXProject "LINEStickerExplorer" */;
			compatibilityVersion = "Xcode 3.2";
			developmentRegion = English;
			hasScannedForEncodings = 0;
			knownRegions = (
				en,
				Base,
			);
			mainGroup = 97FAF5D51C2ED73C00E95916;
			productRefGroup = 97FAF5DF1C2ED73C00E95916 /* Products */;
			projectDirPath = "";
			projectRoot = "";
			targets = (
				97FAF5DD1C2ED73C00E95916 /* LINEStickerExplorer */,
			);
		};
/* End PBXProject section */

/* Begin PBXResourcesBuildPhase section */
		97FAF5DC1C2ED73C00E95916 /* Resources */ = {
			isa = PBXResourcesBuildPhase;
			buildActionMask = 2147483647;
			files = (
				97FAF5EC1C2ED73D00E95916 /* LaunchScreen.storyboard in Resources */,
				97FAF5E91C2ED73D00E95916 /* Assets.xcassets in Resources */,
				97FAF5E71C2ED73C00E95916 /* Main.storyboard in Resources */,
			);
			runOnlyForDeploymentPostprocessing = 0;
		};
/* End PBXResourcesBuildPhase section */

/* Begin PBXShellScriptBuildPhase section */
		06F857CBE635396DA84376F9 /* Check Pods Manifest.lock */ = {
			isa = PBXShellScriptBuildPhase;
			buildActionMask = 2147483647;
			files = (
			);
			inputPaths = (
			);
			name = "Check Pods Manifest.lock";
			outputPaths = (
			);
			runOnlyForDeploymentPostprocessing = 0;
			shellPath = /bin/sh;
			shellScript = "diff \"${PODS_ROOT}/../Podfile.lock\" \"${PODS_ROOT}/Manifest.lock\" > /dev/null\nif [[ $? != 0 ]] ; then\n    cat << EOM\nerror: The sandbox is not in sync with the Podfile.lock. Run 'pod install' or update your CocoaPods installation.\nEOM\n    exit 1\nfi\n";
			showEnvVarsInLog = 0;
		};
		807C0EDEECE29C99D0927C7C /* Copy Pods Resources */ = {
			isa = PBXShellScriptBuildPhase;
			buildActionMask = 2147483647;
			files = (
			);
			inputPaths = (
			);
			name = "Copy Pods Resources";
			outputPaths = (
			);
			runOnlyForDeploymentPostprocessing = 0;
			shellPath = /bin/sh;
			shellScript = "\"${SRCROOT}/Pods/Target Support Files/Pods/Pods-resources.sh\"\n";
			showEnvVarsInLog = 0;
		};
		D44CDF96BA1FDB41531DD8FF /* Embed Pods Frameworks */ = {
			isa = PBXShellScriptBuildPhase;
			buildActionMask = 2147483647;
			files = (
			);
			inputPaths = (
			);
			name = "Embed Pods Frameworks";
			outputPaths = (
			);
			runOnlyForDeploymentPostprocessing = 0;
			shellPath = /bin/sh;
			shellScript = "\"${SRCROOT}/Pods/Target Support Files/Pods/Pods-frameworks.sh\"\n";
			showEnvVarsInLog = 0;
		};
/* End PBXShellScriptBuildPhase section */

/* Begin PBXSourcesBuildPhase section */
		97FAF5DA1C2ED73C00E95916 /* Sources */ = {
			isa = PBXSourcesBuildPhase;
			buildActionMask = 2147483647;
			files = (
				97FAF5F91C2EE92800E95916 /* StickerListCollectionViewController.swift in Sources */,
				97FAF5E41C2ED73C00E95916 /* StickerViewController.swift in Sources */,
				97FAF5F41C2EE48400E95916 /* StickerListCell.swift in Sources */,
				97FAF5F71C2EE4C900E95916 /* StickerObjectCell.swift in Sources */,
				97FAF6091C343C1400E95916 /* CustomIndicator.swift in Sources */,
				97FAF5FE1C2F70FD00E95916 /* DataCore.swift in Sources */,
				97FAF6021C2F783B00E95916 /* sticker.swift in Sources */,
				97FAF62D1C349C8E00E95916 /* ShowLargeStickerViewController.swift in Sources */,
				97FAF5E21C2ED73C00E95916 /* AppDelegate.swift in Sources */,
				97FAF6041C2F78ED00E95916 /* stickerSet.swift in Sources */,
				97FAF6001C2F72C600E95916 /* SQLiteDB.swift in Sources */,
				97FAF6351C379EB600E95916 /* LINEAPI.swift in Sources */,
			);
			runOnlyForDeploymentPostprocessing = 0;
		};
/* End PBXSourcesBuildPhase section */

/* Begin PBXVariantGroup section */
		97FAF5E51C2ED73C00E95916 /* Main.storyboard */ = {
			isa = PBXVariantGroup;
			children = (
				97FAF5E61C2ED73C00E95916 /* Base */,
			);
			name = Main.storyboard;
			sourceTree = "<group>";
		};
		97FAF5EA1C2ED73D00E95916 /* LaunchScreen.storyboard */ = {
			isa = PBXVariantGroup;
			children = (
				97FAF5EB1C2ED73D00E95916 /* Base */,
			);
			name = LaunchScreen.storyboard;
			sourceTree = "<group>";
		};
/* End PBXVariantGroup section */

/* Begin XCBuildConfiguration section */
		97FAF5EE1C2ED73D00E95916 /* Debug */ = {
			isa = XCBuildConfiguration;
			buildSettings = {
				ALWAYS_SEARCH_USER_PATHS = NO;
				CLANG_CXX_LANGUAGE_STANDARD = "gnu++0x";
				CLANG_CXX_LIBRARY = "libc++";
				CLANG_ENABLE_MODULES = YES;
				CLANG_ENABLE_OBJC_ARC = YES;
				CLANG_WARN_BOOL_CONVERSION = YES;
				CLANG_WARN_CONSTANT_CONVERSION = YES;
				CLANG_WARN_DIRECT_OBJC_ISA_USAGE = YES_ERROR;
				CLANG_WARN_EMPTY_BODY = YES;
				CLANG_WARN_ENUM_CONVERSION = YES;
				CLANG_WARN_INT_CONVERSION = YES;
				CLANG_WARN_OBJC_ROOT_CLASS = YES_ERROR;
				CLANG_WARN_UNREACHABLE_CODE = YES;
				CLANG_WARN__DUPLICATE_METHOD_MATCH = YES;
				"CODE_SIGN_IDENTITY[sdk=iphoneos*]" = "iPhone Developer";
				COPY_PHASE_STRIP = NO;
				DEBUG_INFORMATION_FORMAT = dwarf;
				ENABLE_STRICT_OBJC_MSGSEND = YES;
				ENABLE_TESTABILITY = YES;
				GCC_C_LANGUAGE_STANDARD = gnu99;
				GCC_DYNAMIC_NO_PIC = NO;
				GCC_NO_COMMON_BLOCKS = YES;
				GCC_OPTIMIZATION_LEVEL = 0;
				GCC_PREPROCESSOR_DEFINITIONS = (
					"DEBUG=1",
					"$(inherited)",
				);
				GCC_WARN_64_TO_32_BIT_CONVERSION = YES;
				GCC_WARN_ABOUT_RETURN_TYPE = YES_ERROR;
				GCC_WARN_UNDECLARED_SELECTOR = YES;
				GCC_WARN_UNINITIALIZED_AUTOS = YES_AGGRESSIVE;
				GCC_WARN_UNUSED_FUNCTION = YES;
				GCC_WARN_UNUSED_VARIABLE = YES;
				IPHONEOS_DEPLOYMENT_TARGET = 9.2;
				MTL_ENABLE_DEBUG_INFO = YES;
				ONLY_ACTIVE_ARCH = YES;
				SDKROOT = iphoneos;
				SWIFT_OPTIMIZATION_LEVEL = "-Onone";
				TARGETED_DEVICE_FAMILY = 2;
			};
			name = Debug;
		};
		97FAF5EF1C2ED73D00E95916 /* Release */ = {
			isa = XCBuildConfiguration;
			buildSettings = {
				ALWAYS_SEARCH_USER_PATHS = NO;
				CLANG_CXX_LANGUAGE_STANDARD = "gnu++0x";
				CLANG_CXX_LIBRARY = "libc++";
				CLANG_ENABLE_MODULES = YES;
				CLANG_ENABLE_OBJC_ARC = YES;
				CLANG_WARN_BOOL_CONVERSION = YES;
				CLANG_WARN_CONSTANT_CONVERSION = YES;
				CLANG_WARN_DIRECT_OBJC_ISA_USAGE = YES_ERROR;
				CLANG_WARN_EMPTY_BODY = YES;
				CLANG_WARN_ENUM_CONVERSION = YES;
				CLANG_WARN_INT_CONVERSION = YES;
				CLANG_WARN_OBJC_ROOT_CLASS = YES_ERROR;
				CLANG_WARN_UNREACHABLE_CODE = YES;
				CLANG_WARN__DUPLICATE_METHOD_MATCH = YES;
				"CODE_SIGN_IDENTITY[sdk=iphoneos*]" = "iPhone Developer";
				COPY_PHASE_STRIP = NO;
				DEBUG_INFORMATION_FORMAT = "dwarf-with-dsym";
				ENABLE_NS_ASSERTIONS = NO;
				ENABLE_STRICT_OBJC_MSGSEND = YES;
				GCC_C_LANGUAGE_STANDARD = gnu99;
				GCC_NO_COMMON_BLOCKS = YES;
				GCC_WARN_64_TO_32_BIT_CONVERSION = YES;
				GCC_WARN_ABOUT_RETURN_TYPE = YES_ERROR;
				GCC_WARN_UNDECLARED_SELECTOR = YES;
				GCC_WARN_UNINITIALIZED_AUTOS = YES_AGGRESSIVE;
				GCC_WARN_UNUSED_FUNCTION = YES;
				GCC_WARN_UNUSED_VARIABLE = YES;
				IPHONEOS_DEPLOYMENT_TARGET = 9.2;
				MTL_ENABLE_DEBUG_INFO = NO;
				SDKROOT = iphoneos;
				TARGETED_DEVICE_FAMILY = 2;
				VALIDATE_PRODUCT = YES;
			};
			name = Release;
		};
		97FAF5F11C2ED73D00E95916 /* Debug */ = {
			isa = XCBuildConfiguration;
			baseConfigurationReference = C02C222070C6FAE18239BEA3 /* Pods.debug.xcconfig */;
			buildSettings = {
				ASSETCATALOG_COMPILER_APPICON_NAME = AppIcon;
				CLANG_ENABLE_MODULES = YES;
				COMPRESS_PNG_FILES = NO;
				INFOPLIST_FILE = LINEStickerExplorer/Info.plist;
				IPHONEOS_DEPLOYMENT_TARGET = 8.1;
				LD_RUNPATH_SEARCH_PATHS = "$(inherited) @executable_path/Frameworks";
				PRODUCT_BUNDLE_IDENTIFIER = tw.edu.nkfust.u0251055.LINEStickerExplorer;
				PRODUCT_NAME = "$(TARGET_NAME)";
				SWIFT_OBJC_BRIDGING_HEADER = "LINEStickerExplorer/LINEStickerExplorer-Bridging-Header.h";
				SWIFT_OPTIMIZATION_LEVEL = "-Onone";
			};
			name = Debug;
		};
		97FAF5F21C2ED73D00E95916 /* Release */ = {
			isa = XCBuildConfiguration;
			baseConfigurationReference = 0779503C6FB8A188A6744BAC /* Pods.release.xcconfig */;
			buildSettings = {
				ASSETCATALOG_COMPILER_APPICON_NAME = AppIcon;
				CLANG_ENABLE_MODULES = YES;
				COMPRESS_PNG_FILES = NO;
				INFOPLIST_FILE = LINEStickerExplorer/Info.plist;
				IPHONEOS_DEPLOYMENT_TARGET = 8.1;
				LD_RUNPATH_SEARCH_PATHS = "$(inherited) @executable_path/Frameworks";
				PRODUCT_BUNDLE_IDENTIFIER = tw.edu.nkfust.u0251055.LINEStickerExplorer;
				PRODUCT_NAME = "$(TARGET_NAME)";
				SWIFT_OBJC_BRIDGING_HEADER = "LINEStickerExplorer/LINEStickerExplorer-Bridging-Header.h";
			};
			name = Release;
		};
/* End XCBuildConfiguration section */

/* Begin XCConfigurationList section */
		97FAF5D91C2ED73C00E95916 /* Build configuration list for PBXProject "LINEStickerExplorer" */ = {
			isa = XCConfigurationList;
			buildConfigurations = (
				97FAF5EE1C2ED73D00E95916 /* Debug */,
				97FAF5EF1C2ED73D00E95916 /* Release */,
			);
			defaultConfigurationIsVisible = 0;
			defaultConfigurationName = Release;
		};
		97FAF5F01C2ED73D00E95916 /* Build configuration list for PBXNativeTarget "LINEStickerExplorer" */ = {
			isa = XCConfigurationList;
			buildConfigurations = (
				97FAF5F11C2ED73D00E95916 /* Debug */,
				97FAF5F21C2ED73D00E95916 /* Release */,
			);
			defaultConfigurationIsVisible = 0;
			defaultConfigurationName = Release;
		};
/* End XCConfigurationList section */
	};
	rootObject = 97FAF5D61C2ED73C00E95916 /* Project object */;
}
