// !$*UTF8*$!
{
	archiveVersion = 1;
	classes = {
	};
	objectVersion = 46;
	objects = {

/* Begin PBXBuildFile section */
		975118861BFD5FA0005A4253 /* AppDelegate.swift in Sources */ = {isa = PBXBuildFile; fileRef = 975118851BFD5FA0005A4253 /* AppDelegate.swift */; };
		975118881BFD5FA0005A4253 /* ViewController.swift in Sources */ = {isa = PBXBuildFile; fileRef = 975118871BFD5FA0005A4253 /* ViewController.swift */; };
		9751188B1BFD5FA0005A4253 /* Main.storyboard in Resources */ = {isa = PBXBuildFile; fileRef = 975118891BFD5FA0005A4253 /* Main.storyboard */; };
		9751188D1BFD5FA0005A4253 /* Assets.xcassets in Resources */ = {isa = PBXBuildFile; fileRef = 9751188C1BFD5FA0005A4253 /* Assets.xcassets */; };
		975118901BFD5FA0005A4253 /* LaunchScreen.storyboard in Resources */ = {isa = PBXBuildFile; fileRef = 9751188E1BFD5FA0005A4253 /* LaunchScreen.storyboard */; };
		975118981BFD62AF005A4253 /* ImageViewController.swift in Sources */ = {isa = PBXBuildFile; fileRef = 975118971BFD62AF005A4253 /* ImageViewController.swift */; };
		9751189A1BFD6476005A4253 /* ImageURL.swift in Sources */ = {isa = PBXBuildFile; fileRef = 975118991BFD6476005A4253 /* ImageURL.swift */; };
/* End PBXBuildFile section */

/* Begin PBXFileReference section */
		975118821BFD5FA0005A4253 /* PhotoViewer.app */ = {isa = PBXFileReference; explicitFileType = wrapper.application; includeInIndex = 0; path = PhotoViewer.app; sourceTree = BUILT_PRODUCTS_DIR; };
		975118851BFD5FA0005A4253 /* AppDelegate.swift */ = {isa = PBXFileReference; lastKnownFileType = sourcecode.swift; path = AppDelegate.swift; sourceTree = "<group>"; };
		975118871BFD5FA0005A4253 /* ViewController.swift */ = {isa = PBXFileReference; lastKnownFileType = sourcecode.swift; path = ViewController.swift; sourceTree = "<group>"; };
		9751188A1BFD5FA0005A4253 /* Base */ = {isa = PBXFileReference; lastKnownFileType = file.storyboard; name = Base; path = Base.lproj/Main.storyboard; sourceTree = "<group>"; };
		9751188C1BFD5FA0005A4253 /* Assets.xcassets */ = {isa = PBXFileReference; lastKnownFileType = folder.assetcatalog; path = Assets.xcassets; sourceTree = "<group>"; };
		9751188F1BFD5FA0005A4253 /* Base */ = {isa = PBXFileReference; lastKnownFileType = file.storyboard; name = Base; path = Base.lproj/LaunchScreen.storyboard; sourceTree = "<group>"; };
		975118911BFD5FA0005A4253 /* Info.plist */ = {isa = PBXFileReference; lastKnownFileType = text.plist.xml; path = Info.plist; sourceTree = "<group>"; };
		975118971BFD62AF005A4253 /* ImageViewController.swift */ = {isa = PBXFileReference; fileEncoding = 4; lastKnownFileType = sourcecode.swift; path = ImageViewController.swift; sourceTree = "<group>"; };
		975118991BFD6476005A4253 /* ImageURL.swift */ = {isa = PBXFileReference; fileEncoding = 4; lastKnownFileType = sourcecode.swift; path = ImageURL.swift; sourceTree = "<group>"; };
/* End PBXFileReference section */

/* Begin PBXFrameworksBuildPhase section */
		9751187F1BFD5FA0005A4253 /* Frameworks */ = {
			isa = PBXFrameworksBuildPhase;
			buildActionMask = 2147483647;
			files = (
			);
			runOnlyForDeploymentPostprocessing = 0;
		};
/* End PBXFrameworksBuildPhase section */

/* Begin PBXGroup section */
		975118791BFD5FA0005A4253 = {
			isa = PBXGroup;
			children = (
				975118841BFD5FA0005A4253 /* PhotoViewer */,
				975118831BFD5FA0005A4253 /* Products */,
			);
			sourceTree = "<group>";
		};
		975118831BFD5FA0005A4253 /* Products */ = {
			isa = PBXGroup;
			children = (
				975118821BFD5FA0005A4253 /* PhotoViewer.app */,
			);
			name = Products;
			sourceTree = "<group>";
		};
		975118841BFD5FA0005A4253 /* PhotoViewer */ = {
			isa = PBXGroup;
			children = (
				975118851BFD5FA0005A4253 /* AppDelegate.swift */,
				975118871BFD5FA0005A4253 /* ViewController.swift */,
				975118991BFD6476005A4253 /* ImageURL.swift */,
				975118971BFD62AF005A4253 /* ImageViewController.swift */,
				975118891BFD5FA0005A4253 /* Main.storyboard */,
				9751188C1BFD5FA0005A4253 /* Assets.xcassets */,
				9751188E1BFD5FA0005A4253 /* LaunchScreen.storyboard */,
				975118911BFD5FA0005A4253 /* Info.plist */,
			);
			path = PhotoViewer;
			sourceTree = "<group>";
		};
/* End PBXGroup section */

/* Begin PBXNativeTarget section */
		975118811BFD5FA0005A4253 /* PhotoViewer */ = {
			isa = PBXNativeTarget;
			buildConfigurationList = 975118941BFD5FA0005A4253 /* Build configuration list for PBXNativeTarget "PhotoViewer" */;
			buildPhases = (
				9751187E1BFD5FA0005A4253 /* Sources */,
				9751187F1BFD5FA0005A4253 /* Frameworks */,
				975118801BFD5FA0005A4253 /* Resources */,
			);
			buildRules = (
			);
			dependencies = (
			);
			name = PhotoViewer;
			productName = PhotoViewer;
			productReference = 975118821BFD5FA0005A4253 /* PhotoViewer.app */;
			productType = "com.apple.product-type.application";
		};
/* End PBXNativeTarget section */

/* Begin PBXProject section */
		9751187A1BFD5FA0005A4253 /* Project object */ = {
			isa = PBXProject;
			attributes = {
				LastSwiftUpdateCheck = 0710;
				LastUpgradeCheck = 0710;
				ORGANIZATIONNAME = UnciaX;
				TargetAttributes = {
					975118811BFD5FA0005A4253 = {
						CreatedOnToolsVersion = 7.1;
						DevelopmentTeam = GGW3Z2VSW7;
					};
				};
			};
			buildConfigurationList = 9751187D1BFD5FA0005A4253 /* Build configuration list for PBXProject "PhotoViewer" */;
			compatibilityVersion = "Xcode 3.2";
			developmentRegion = English;
			hasScannedForEncodings = 0;
			knownRegions = (
				en,
				Base,
			);
			mainGroup = 975118791BFD5FA0005A4253;
			productRefGroup = 975118831BFD5FA0005A4253 /* Products */;
			projectDirPath = "";
			projectRoot = "";
			targets = (
				975118811BFD5FA0005A4253 /* PhotoViewer */,
			);
		};
/* End PBXProject section */

/* Begin PBXResourcesBuildPhase section */
		975118801BFD5FA0005A4253 /* Resources */ = {
			isa = PBXResourcesBuildPhase;
			buildActionMask = 2147483647;
			files = (
				975118901BFD5FA0005A4253 /* LaunchScreen.storyboard in Resources */,
				9751188D1BFD5FA0005A4253 /* Assets.xcassets in Resources */,
				9751188B1BFD5FA0005A4253 /* Main.storyboard in Resources */,
			);
			runOnlyForDeploymentPostprocessing = 0;
		};
/* End PBXResourcesBuildPhase section */

/* Begin PBXSourcesBuildPhase section */
		9751187E1BFD5FA0005A4253 /* Sources */ = {
			isa = PBXSourcesBuildPhase;
			buildActionMask = 2147483647;
			files = (
				975118881BFD5FA0005A4253 /* ViewController.swift in Sources */,
				975118981BFD62AF005A4253 /* ImageViewController.swift in Sources */,
				975118861BFD5FA0005A4253 /* AppDelegate.swift in Sources */,
				9751189A1BFD6476005A4253 /* ImageURL.swift in Sources */,
			);
			runOnlyForDeploymentPostprocessing = 0;
		};
/* End PBXSourcesBuildPhase section */

/* Begin PBXVariantGroup section */
		975118891BFD5FA0005A4253 /* Main.storyboard */ = {
			isa = PBXVariantGroup;
			children = (
				9751188A1BFD5FA0005A4253 /* Base */,
			);
			name = Main.storyboard;
			sourceTree = "<group>";
		};
		9751188E1BFD5FA0005A4253 /* LaunchScreen.storyboard */ = {
			isa = PBXVariantGroup;
			children = (
				9751188F1BFD5FA0005A4253 /* Base */,
			);
			name = LaunchScreen.storyboard;
			sourceTree = "<group>";
		};
/* End PBXVariantGroup section */

/* Begin XCBuildConfiguration section */
		975118921BFD5FA0005A4253 /* Debug */ = {
			isa = XCBuildConfiguration;
			buildSettings = {
				ALWAYS_SEARCH_USER_PATHS = NO;
				CLANG_CXX_LANGUAGE_STANDARD = "gnu++0x";
				CLANG_CXX_LIBRARY = "libc++";
				CLANG_ENABLE_MODULES = YES;
				CLANG_ENABLE_OBJC_ARC = YES;
				CLANG_WARN_BOOL_CONVERSION = YES;
				CLANG_WARN_CONSTANT_CONVERSION = YES;
				CLANG_WARN_DIRECT_OBJC_ISA_USAGE = YES_ERROR;
				CLANG_WARN_EMPTY_BODY = YES;
				CLANG_WARN_ENUM_CONVERSION = YES;
				CLANG_WARN_INT_CONVERSION = YES;
				CLANG_WARN_OBJC_ROOT_CLASS = YES_ERROR;
				CLANG_WARN_UNREACHABLE_CODE = YES;
				CLANG_WARN__DUPLICATE_METHOD_MATCH = YES;
				"CODE_SIGN_IDENTITY[sdk=iphoneos*]" = "iPhone Developer";
				COPY_PHASE_STRIP = NO;
				DEBUG_INFORMATION_FORMAT = dwarf;
				ENABLE_STRICT_OBJC_MSGSEND = YES;
				ENABLE_TESTABILITY = YES;
				GCC_C_LANGUAGE_STANDARD = gnu99;
				GCC_DYNAMIC_NO_PIC = NO;
				GCC_NO_COMMON_BLOCKS = YES;
				GCC_OPTIMIZATION_LEVEL = 0;
				GCC_PREPROCESSOR_DEFINITIONS = (
					"DEBUG=1",
					"$(inherited)",
				);
				GCC_WARN_64_TO_32_BIT_CONVERSION = YES;
				GCC_WARN_ABOUT_RETURN_TYPE = YES_ERROR;
				GCC_WARN_UNDECLARED_SELECTOR = YES;
				GCC_WARN_UNINITIALIZED_AUTOS = YES_AGGRESSIVE;
				GCC_WARN_UNUSED_FUNCTION = YES;
				GCC_WARN_UNUSED_VARIABLE = YES;
				IPHONEOS_DEPLOYMENT_TARGET = 9.1;
				MTL_ENABLE_DEBUG_INFO = YES;
				ONLY_ACTIVE_ARCH = YES;
				SDKROOT = iphoneos;
				SWIFT_OPTIMIZATION_LEVEL = "-Onone";
			};
			name = Debug;
		};
		975118931BFD5FA0005A4253 /* Release */ = {
			isa = XCBuildConfiguration;
			buildSettings = {
				ALWAYS_SEARCH_USER_PATHS = NO;
				CLANG_CXX_LANGUAGE_STANDARD = "gnu++0x";
				CLANG_CXX_LIBRARY = "libc++";
				CLANG_ENABLE_MODULES = YES;
				CLANG_ENABLE_OBJC_ARC = YES;
				CLANG_WARN_BOOL_CONVERSION = YES;
				CLANG_WARN_CONSTANT_CONVERSION = YES;
				CLANG_WARN_DIRECT_OBJC_ISA_USAGE = YES_ERROR;
				CLANG_WARN_EMPTY_BODY = YES;
				CLANG_WARN_ENUM_CONVERSION = YES;
				CLANG_WARN_INT_CONVERSION = YES;
				CLANG_WARN_OBJC_ROOT_CLASS = YES_ERROR;
				CLANG_WARN_UNREACHABLE_CODE = YES;
				CLANG_WARN__DUPLICATE_METHOD_MATCH = YES;
				"CODE_SIGN_IDENTITY[sdk=iphoneos*]" = "iPhone Developer";
				COPY_PHASE_STRIP = NO;
				DEBUG_INFORMATION_FORMAT = "dwarf-with-dsym";
				ENABLE_NS_ASSERTIONS = NO;
				ENABLE_STRICT_OBJC_MSGSEND = YES;
				GCC_C_LANGUAGE_STANDARD = gnu99;
				GCC_NO_COMMON_BLOCKS = YES;
				GCC_WARN_64_TO_32_BIT_CONVERSION = YES;
				GCC_WARN_ABOUT_RETURN_TYPE = YES_ERROR;
				GCC_WARN_UNDECLARED_SELECTOR = YES;
				GCC_WARN_UNINITIALIZED_AUTOS = YES_AGGRESSIVE;
				GCC_WARN_UNUSED_FUNCTION = YES;
				GCC_WARN_UNUSED_VARIABLE = YES;
				IPHONEOS_DEPLOYMENT_TARGET = 9.1;
				MTL_ENABLE_DEBUG_INFO = NO;
				SDKROOT = iphoneos;
				VALIDATE_PRODUCT = YES;
			};
			name = Release;
		};
		975118951BFD5FA0005A4253 /* Debug */ = {
			isa = XCBuildConfiguration;
			buildSettings = {
				ASSETCATALOG_COMPILER_APPICON_NAME = AppIcon;
				INFOPLIST_FILE = PhotoViewer/Info.plist;
				IPHONEOS_DEPLOYMENT_TARGET = 9.1;
				LD_RUNPATH_SEARCH_PATHS = "$(inherited) @executable_path/Frameworks";
				PRODUCT_BUNDLE_IDENTIFIER = tw.edu.nkfust.u0251055.PhotoViewer;
				PRODUCT_NAME = "$(TARGET_NAME)";
				TARGETED_DEVICE_FAMILY = "1,2";
			};
			name = Debug;
		};
		975118961BFD5FA0005A4253 /* Release */ = {
			isa = XCBuildConfiguration;
			buildSettings = {
				ASSETCATALOG_COMPILER_APPICON_NAME = AppIcon;
				INFOPLIST_FILE = PhotoViewer/Info.plist;
				IPHONEOS_DEPLOYMENT_TARGET = 9.1;
				LD_RUNPATH_SEARCH_PATHS = "$(inherited) @executable_path/Frameworks";
				PRODUCT_BUNDLE_IDENTIFIER = tw.edu.nkfust.u0251055.PhotoViewer;
				PRODUCT_NAME = "$(TARGET_NAME)";
				TARGETED_DEVICE_FAMILY = "1,2";
			};
			name = Release;
		};
/* End XCBuildConfiguration section */

/* Begin XCConfigurationList section */
		9751187D1BFD5FA0005A4253 /* Build configuration list for PBXProject "PhotoViewer" */ = {
			isa = XCConfigurationList;
			buildConfigurations = (
				975118921BFD5FA0005A4253 /* Debug */,
				975118931BFD5FA0005A4253 /* Release */,
			);
			defaultConfigurationIsVisible = 0;
			defaultConfigurationName = Release;
		};
		975118941BFD5FA0005A4253 /* Build configuration list for PBXNativeTarget "PhotoViewer" */ = {
			isa = XCConfigurationList;
			buildConfigurations = (
				975118951BFD5FA0005A4253 /* Debug */,
				975118961BFD5FA0005A4253 /* Release */,
			);
			defaultConfigurationIsVisible = 0;
			defaultConfigurationName = Release;
		};
/* End XCConfigurationList section */
	};
	rootObject = 9751187A1BFD5FA0005A4253 /* Project object */;
}
