// !$*UTF8*$!
{
	archiveVersion = 1;
	classes = {
	};
	objectVersion = 46;
	objects = {

/* Begin PBXBuildFile section */
		9744AA211BAB8536005C9DBC /* AppDelegate.swift in Sources */ = {isa = PBXBuildFile; fileRef = 9744AA201BAB8536005C9DBC /* AppDelegate.swift */; };
		9744AA231BAB8536005C9DBC /* ViewController.swift in Sources */ = {isa = PBXBuildFile; fileRef = 9744AA221BAB8536005C9DBC /* ViewController.swift */; };
		9744AA261BAB8536005C9DBC /* Main.storyboard in Resources */ = {isa = PBXBuildFile; fileRef = 9744AA241BAB8536005C9DBC /* Main.storyboard */; };
		9744AA281BAB8536005C9DBC /* Assets.xcassets in Resources */ = {isa = PBXBuildFile; fileRef = 9744AA271BAB8536005C9DBC /* Assets.xcassets */; };
		9744AA2B1BAB8536005C9DBC /* LaunchScreen.storyboard in Resources */ = {isa = PBXBuildFile; fileRef = 9744AA291BAB8536005C9DBC /* LaunchScreen.storyboard */; };
		9744AA361BAB8536005C9DBC /* CalculatorTests.swift in Sources */ = {isa = PBXBuildFile; fileRef = 9744AA351BAB8536005C9DBC /* CalculatorTests.swift */; };
		9744AA411BAB8536005C9DBC /* CalculatorUITests.swift in Sources */ = {isa = PBXBuildFile; fileRef = 9744AA401BAB8536005C9DBC /* CalculatorUITests.swift */; };
/* End PBXBuildFile section */

/* Begin PBXContainerItemProxy section */
		9744AA321BAB8536005C9DBC /* PBXContainerItemProxy */ = {
			isa = PBXContainerItemProxy;
			containerPortal = 9744AA151BAB8536005C9DBC /* Project object */;
			proxyType = 1;
			remoteGlobalIDString = 9744AA1C1BAB8536005C9DBC;
			remoteInfo = Calculator;
		};
		9744AA3D1BAB8536005C9DBC /* PBXContainerItemProxy */ = {
			isa = PBXContainerItemProxy;
			containerPortal = 9744AA151BAB8536005C9DBC /* Project object */;
			proxyType = 1;
			remoteGlobalIDString = 9744AA1C1BAB8536005C9DBC;
			remoteInfo = Calculator;
		};
/* End PBXContainerItemProxy section */

/* Begin PBXFileReference section */
		9744AA1D1BAB8536005C9DBC /* Calculator.app */ = {isa = PBXFileReference; explicitFileType = wrapper.application; includeInIndex = 0; path = Calculator.app; sourceTree = BUILT_PRODUCTS_DIR; };
		9744AA201BAB8536005C9DBC /* AppDelegate.swift */ = {isa = PBXFileReference; lastKnownFileType = sourcecode.swift; path = AppDelegate.swift; sourceTree = "<group>"; };
		9744AA221BAB8536005C9DBC /* ViewController.swift */ = {isa = PBXFileReference; lastKnownFileType = sourcecode.swift; path = ViewController.swift; sourceTree = "<group>"; };
		9744AA251BAB8536005C9DBC /* Base */ = {isa = PBXFileReference; lastKnownFileType = file.storyboard; name = Base; path = Base.lproj/Main.storyboard; sourceTree = "<group>"; };
		9744AA271BAB8536005C9DBC /* Assets.xcassets */ = {isa = PBXFileReference; lastKnownFileType = folder.assetcatalog; path = Assets.xcassets; sourceTree = "<group>"; };
		9744AA2A1BAB8536005C9DBC /* Base */ = {isa = PBXFileReference; lastKnownFileType = file.storyboard; name = Base; path = Base.lproj/LaunchScreen.storyboard; sourceTree = "<group>"; };
		9744AA2C1BAB8536005C9DBC /* Info.plist */ = {isa = PBXFileReference; lastKnownFileType = text.plist.xml; path = Info.plist; sourceTree = "<group>"; };
		9744AA311BAB8536005C9DBC /* CalculatorTests.xctest */ = {isa = PBXFileReference; explicitFileType = wrapper.cfbundle; includeInIndex = 0; path = CalculatorTests.xctest; sourceTree = BUILT_PRODUCTS_DIR; };
		9744AA351BAB8536005C9DBC /* CalculatorTests.swift */ = {isa = PBXFileReference; lastKnownFileType = sourcecode.swift; path = CalculatorTests.swift; sourceTree = "<group>"; };
		9744AA371BAB8536005C9DBC /* Info.plist */ = {isa = PBXFileReference; lastKnownFileType = text.plist.xml; path = Info.plist; sourceTree = "<group>"; };
		9744AA3C1BAB8536005C9DBC /* CalculatorUITests.xctest */ = {isa = PBXFileReference; explicitFileType = wrapper.cfbundle; includeInIndex = 0; path = CalculatorUITests.xctest; sourceTree = BUILT_PRODUCTS_DIR; };
		9744AA401BAB8536005C9DBC /* CalculatorUITests.swift */ = {isa = PBXFileReference; lastKnownFileType = sourcecode.swift; path = CalculatorUITests.swift; sourceTree = "<group>"; };
		9744AA421BAB8536005C9DBC /* Info.plist */ = {isa = PBXFileReference; lastKnownFileType = text.plist.xml; path = Info.plist; sourceTree = "<group>"; };
/* End PBXFileReference section */

/* Begin PBXFrameworksBuildPhase section */
		9744AA1A1BAB8536005C9DBC /* Frameworks */ = {
			isa = PBXFrameworksBuildPhase;
			buildActionMask = 2147483647;
			files = (
			);
			runOnlyForDeploymentPostprocessing = 0;
		};
		9744AA2E1BAB8536005C9DBC /* Frameworks */ = {
			isa = PBXFrameworksBuildPhase;
			buildActionMask = 2147483647;
			files = (
			);
			runOnlyForDeploymentPostprocessing = 0;
		};
		9744AA391BAB8536005C9DBC /* Frameworks */ = {
			isa = PBXFrameworksBuildPhase;
			buildActionMask = 2147483647;
			files = (
			);
			runOnlyForDeploymentPostprocessing = 0;
		};
/* End PBXFrameworksBuildPhase section */

/* Begin PBXGroup section */
		9744AA141BAB8536005C9DBC = {
			isa = PBXGroup;
			children = (
				9744AA1F1BAB8536005C9DBC /* Calculator */,
				9744AA341BAB8536005C9DBC /* CalculatorTests */,
				9744AA3F1BAB8536005C9DBC /* CalculatorUITests */,
				9744AA1E1BAB8536005C9DBC /* Products */,
			);
			sourceTree = "<group>";
		};
		9744AA1E1BAB8536005C9DBC /* Products */ = {
			isa = PBXGroup;
			children = (
				9744AA1D1BAB8536005C9DBC /* Calculator.app */,
				9744AA311BAB8536005C9DBC /* CalculatorTests.xctest */,
				9744AA3C1BAB8536005C9DBC /* CalculatorUITests.xctest */,
			);
			name = Products;
			sourceTree = "<group>";
		};
		9744AA1F1BAB8536005C9DBC /* Calculator */ = {
			isa = PBXGroup;
			children = (
				9744AA201BAB8536005C9DBC /* AppDelegate.swift */,
				9744AA221BAB8536005C9DBC /* ViewController.swift */,
				9744AA241BAB8536005C9DBC /* Main.storyboard */,
				9744AA271BAB8536005C9DBC /* Assets.xcassets */,
				9744AA291BAB8536005C9DBC /* LaunchScreen.storyboard */,
				9744AA2C1BAB8536005C9DBC /* Info.plist */,
			);
			path = Calculator;
			sourceTree = "<group>";
		};
		9744AA341BAB8536005C9DBC /* CalculatorTests */ = {
			isa = PBXGroup;
			children = (
				9744AA351BAB8536005C9DBC /* CalculatorTests.swift */,
				9744AA371BAB8536005C9DBC /* Info.plist */,
			);
			path = CalculatorTests;
			sourceTree = "<group>";
		};
		9744AA3F1BAB8536005C9DBC /* CalculatorUITests */ = {
			isa = PBXGroup;
			children = (
				9744AA401BAB8536005C9DBC /* CalculatorUITests.swift */,
				9744AA421BAB8536005C9DBC /* Info.plist */,
			);
			path = CalculatorUITests;
			sourceTree = "<group>";
		};
/* End PBXGroup section */

/* Begin PBXNativeTarget section */
		9744AA1C1BAB8536005C9DBC /* Calculator */ = {
			isa = PBXNativeTarget;
			buildConfigurationList = 9744AA451BAB8536005C9DBC /* Build configuration list for PBXNativeTarget "Calculator" */;
			buildPhases = (
				9744AA191BAB8536005C9DBC /* Sources */,
				9744AA1A1BAB8536005C9DBC /* Frameworks */,
				9744AA1B1BAB8536005C9DBC /* Resources */,
			);
			buildRules = (
			);
			dependencies = (
			);
			name = Calculator;
			productName = Calculator;
			productReference = 9744AA1D1BAB8536005C9DBC /* Calculator.app */;
			productType = "com.apple.product-type.application";
		};
		9744AA301BAB8536005C9DBC /* CalculatorTests */ = {
			isa = PBXNativeTarget;
			buildConfigurationList = 9744AA481BAB8536005C9DBC /* Build configuration list for PBXNativeTarget "CalculatorTests" */;
			buildPhases = (
				9744AA2D1BAB8536005C9DBC /* Sources */,
				9744AA2E1BAB8536005C9DBC /* Frameworks */,
				9744AA2F1BAB8536005C9DBC /* Resources */,
			);
			buildRules = (
			);
			dependencies = (
				9744AA331BAB8536005C9DBC /* PBXTargetDependency */,
			);
			name = CalculatorTests;
			productName = CalculatorTests;
			productReference = 9744AA311BAB8536005C9DBC /* CalculatorTests.xctest */;
			productType = "com.apple.product-type.bundle.unit-test";
		};
		9744AA3B1BAB8536005C9DBC /* CalculatorUITests */ = {
			isa = PBXNativeTarget;
			buildConfigurationList = 9744AA4B1BAB8536005C9DBC /* Build configuration list for PBXNativeTarget "CalculatorUITests" */;
			buildPhases = (
				9744AA381BAB8536005C9DBC /* Sources */,
				9744AA391BAB8536005C9DBC /* Frameworks */,
				9744AA3A1BAB8536005C9DBC /* Resources */,
			);
			buildRules = (
			);
			dependencies = (
				9744AA3E1BAB8536005C9DBC /* PBXTargetDependency */,
			);
			name = CalculatorUITests;
			productName = CalculatorUITests;
			productReference = 9744AA3C1BAB8536005C9DBC /* CalculatorUITests.xctest */;
			productType = "com.apple.product-type.bundle.ui-testing";
		};
/* End PBXNativeTarget section */

/* Begin PBXProject section */
		9744AA151BAB8536005C9DBC /* Project object */ = {
			isa = PBXProject;
			attributes = {
				LastUpgradeCheck = 0700;
				ORGANIZATIONNAME = UnciaX;
				TargetAttributes = {
					9744AA1C1BAB8536005C9DBC = {
						CreatedOnToolsVersion = 7.0;
					};
					9744AA301BAB8536005C9DBC = {
						CreatedOnToolsVersion = 7.0;
						TestTargetID = 9744AA1C1BAB8536005C9DBC;
					};
					9744AA3B1BAB8536005C9DBC = {
						CreatedOnToolsVersion = 7.0;
						TestTargetID = 9744AA1C1BAB8536005C9DBC;
					};
				};
			};
			buildConfigurationList = 9744AA181BAB8536005C9DBC /* Build configuration list for PBXProject "Calculator" */;
			compatibilityVersion = "Xcode 3.2";
			developmentRegion = English;
			hasScannedForEncodings = 0;
			knownRegions = (
				en,
				Base,
			);
			mainGroup = 9744AA141BAB8536005C9DBC;
			productRefGroup = 9744AA1E1BAB8536005C9DBC /* Products */;
			projectDirPath = "";
			projectRoot = "";
			targets = (
				9744AA1C1BAB8536005C9DBC /* Calculator */,
				9744AA301BAB8536005C9DBC /* CalculatorTests */,
				9744AA3B1BAB8536005C9DBC /* CalculatorUITests */,
			);
		};
/* End PBXProject section */

/* Begin PBXResourcesBuildPhase section */
		9744AA1B1BAB8536005C9DBC /* Resources */ = {
			isa = PBXResourcesBuildPhase;
			buildActionMask = 2147483647;
			files = (
				9744AA2B1BAB8536005C9DBC /* LaunchScreen.storyboard in Resources */,
				9744AA281BAB8536005C9DBC /* Assets.xcassets in Resources */,
				9744AA261BAB8536005C9DBC /* Main.storyboard in Resources */,
			);
			runOnlyForDeploymentPostprocessing = 0;
		};
		9744AA2F1BAB8536005C9DBC /* Resources */ = {
			isa = PBXResourcesBuildPhase;
			buildActionMask = 2147483647;
			files = (
			);
			runOnlyForDeploymentPostprocessing = 0;
		};
		9744AA3A1BAB8536005C9DBC /* Resources */ = {
			isa = PBXResourcesBuildPhase;
			buildActionMask = 2147483647;
			files = (
			);
			runOnlyForDeploymentPostprocessing = 0;
		};
/* End PBXResourcesBuildPhase section */

/* Begin PBXSourcesBuildPhase section */
		9744AA191BAB8536005C9DBC /* Sources */ = {
			isa = PBXSourcesBuildPhase;
			buildActionMask = 2147483647;
			files = (
				9744AA231BAB8536005C9DBC /* ViewController.swift in Sources */,
				9744AA211BAB8536005C9DBC /* AppDelegate.swift in Sources */,
			);
			runOnlyForDeploymentPostprocessing = 0;
		};
		9744AA2D1BAB8536005C9DBC /* Sources */ = {
			isa = PBXSourcesBuildPhase;
			buildActionMask = 2147483647;
			files = (
				9744AA361BAB8536005C9DBC /* CalculatorTests.swift in Sources */,
			);
			runOnlyForDeploymentPostprocessing = 0;
		};
		9744AA381BAB8536005C9DBC /* Sources */ = {
			isa = PBXSourcesBuildPhase;
			buildActionMask = 2147483647;
			files = (
				9744AA411BAB8536005C9DBC /* CalculatorUITests.swift in Sources */,
			);
			runOnlyForDeploymentPostprocessing = 0;
		};
/* End PBXSourcesBuildPhase section */

/* Begin PBXTargetDependency section */
		9744AA331BAB8536005C9DBC /* PBXTargetDependency */ = {
			isa = PBXTargetDependency;
			target = 9744AA1C1BAB8536005C9DBC /* Calculator */;
			targetProxy = 9744AA321BAB8536005C9DBC /* PBXContainerItemProxy */;
		};
		9744AA3E1BAB8536005C9DBC /* PBXTargetDependency */ = {
			isa = PBXTargetDependency;
			target = 9744AA1C1BAB8536005C9DBC /* Calculator */;
			targetProxy = 9744AA3D1BAB8536005C9DBC /* PBXContainerItemProxy */;
		};
/* End PBXTargetDependency section */

/* Begin PBXVariantGroup section */
		9744AA241BAB8536005C9DBC /* Main.storyboard */ = {
			isa = PBXVariantGroup;
			children = (
				9744AA251BAB8536005C9DBC /* Base */,
			);
			name = Main.storyboard;
			sourceTree = "<group>";
		};
		9744AA291BAB8536005C9DBC /* LaunchScreen.storyboard */ = {
			isa = PBXVariantGroup;
			children = (
				9744AA2A1BAB8536005C9DBC /* Base */,
			);
			name = LaunchScreen.storyboard;
			sourceTree = "<group>";
		};
/* End PBXVariantGroup section */

/* Begin XCBuildConfiguration section */
		9744AA431BAB8536005C9DBC /* Debug */ = {
			isa = XCBuildConfiguration;
			buildSettings = {
				ALWAYS_SEARCH_USER_PATHS = NO;
				CLANG_CXX_LANGUAGE_STANDARD = "gnu++0x";
				CLANG_CXX_LIBRARY = "libc++";
				CLANG_ENABLE_MODULES = YES;
				CLANG_ENABLE_OBJC_ARC = YES;
				CLANG_WARN_BOOL_CONVERSION = YES;
				CLANG_WARN_CONSTANT_CONVERSION = YES;
				CLANG_WARN_DIRECT_OBJC_ISA_USAGE = YES_ERROR;
				CLANG_WARN_EMPTY_BODY = YES;
				CLANG_WARN_ENUM_CONVERSION = YES;
				CLANG_WARN_INT_CONVERSION = YES;
				CLANG_WARN_OBJC_ROOT_CLASS = YES_ERROR;
				CLANG_WARN_UNREACHABLE_CODE = YES;
				CLANG_WARN__DUPLICATE_METHOD_MATCH = YES;
				"CODE_SIGN_IDENTITY[sdk=iphoneos*]" = "iPhone Developer";
				COPY_PHASE_STRIP = NO;
				DEBUG_INFORMATION_FORMAT = dwarf;
				ENABLE_STRICT_OBJC_MSGSEND = YES;
				ENABLE_TESTABILITY = YES;
				GCC_C_LANGUAGE_STANDARD = gnu99;
				GCC_DYNAMIC_NO_PIC = NO;
				GCC_NO_COMMON_BLOCKS = YES;
				GCC_OPTIMIZATION_LEVEL = 0;
				GCC_PREPROCESSOR_DEFINITIONS = (
					"DEBUG=1",
					"$(inherited)",
				);
				GCC_WARN_64_TO_32_BIT_CONVERSION = YES;
				GCC_WARN_ABOUT_RETURN_TYPE = YES_ERROR;
				GCC_WARN_UNDECLARED_SELECTOR = YES;
				GCC_WARN_UNINITIALIZED_AUTOS = YES_AGGRESSIVE;
				GCC_WARN_UNUSED_FUNCTION = YES;
				GCC_WARN_UNUSED_VARIABLE = YES;
				IPHONEOS_DEPLOYMENT_TARGET = 9.0;
				MTL_ENABLE_DEBUG_INFO = YES;
				ONLY_ACTIVE_ARCH = YES;
				SDKROOT = iphoneos;
				SWIFT_OPTIMIZATION_LEVEL = "-Onone";
			};
			name = Debug;
		};
		9744AA441BAB8536005C9DBC /* Release */ = {
			isa = XCBuildConfiguration;
			buildSettings = {
				ALWAYS_SEARCH_USER_PATHS = NO;
				CLANG_CXX_LANGUAGE_STANDARD = "gnu++0x";
				CLANG_CXX_LIBRARY = "libc++";
				CLANG_ENABLE_MODULES = YES;
				CLANG_ENABLE_OBJC_ARC = YES;
				CLANG_WARN_BOOL_CONVERSION = YES;
				CLANG_WARN_CONSTANT_CONVERSION = YES;
				CLANG_WARN_DIRECT_OBJC_ISA_USAGE = YES_ERROR;
				CLANG_WARN_EMPTY_BODY = YES;
				CLANG_WARN_ENUM_CONVERSION = YES;
				CLANG_WARN_INT_CONVERSION = YES;
				CLANG_WARN_OBJC_ROOT_CLASS = YES_ERROR;
				CLANG_WARN_UNREACHABLE_CODE = YES;
				CLANG_WARN__DUPLICATE_METHOD_MATCH = YES;
				"CODE_SIGN_IDENTITY[sdk=iphoneos*]" = "iPhone Developer";
				COPY_PHASE_STRIP = NO;
				DEBUG_INFORMATION_FORMAT = "dwarf-with-dsym";
				ENABLE_NS_ASSERTIONS = NO;
				ENABLE_STRICT_OBJC_MSGSEND = YES;
				GCC_C_LANGUAGE_STANDARD = gnu99;
				GCC_NO_COMMON_BLOCKS = YES;
				GCC_WARN_64_TO_32_BIT_CONVERSION = YES;
				GCC_WARN_ABOUT_RETURN_TYPE = YES_ERROR;
				GCC_WARN_UNDECLARED_SELECTOR = YES;
				GCC_WARN_UNINITIALIZED_AUTOS = YES_AGGRESSIVE;
				GCC_WARN_UNUSED_FUNCTION = YES;
				GCC_WARN_UNUSED_VARIABLE = YES;
				IPHONEOS_DEPLOYMENT_TARGET = 9.0;
				MTL_ENABLE_DEBUG_INFO = NO;
				SDKROOT = iphoneos;
				VALIDATE_PRODUCT = YES;
			};
			name = Release;
		};
		9744AA461BAB8536005C9DBC /* Debug */ = {
			isa = XCBuildConfiguration;
			buildSettings = {
				ASSETCATALOG_COMPILER_APPICON_NAME = AppIcon;
				INFOPLIST_FILE = Calculator/Info.plist;
				LD_RUNPATH_SEARCH_PATHS = "$(inherited) @executable_path/Frameworks";
				PRODUCT_BUNDLE_IDENTIFIER = tw.edu.nkfust.0251055.Calculator;
				PRODUCT_NAME = "$(TARGET_NAME)";
			};
			name = Debug;
		};
		9744AA471BAB8536005C9DBC /* Release */ = {
			isa = XCBuildConfiguration;
			buildSettings = {
				ASSETCATALOG_COMPILER_APPICON_NAME = AppIcon;
				INFOPLIST_FILE = Calculator/Info.plist;
				LD_RUNPATH_SEARCH_PATHS = "$(inherited) @executable_path/Frameworks";
				PRODUCT_BUNDLE_IDENTIFIER = tw.edu.nkfust.0251055.Calculator;
				PRODUCT_NAME = "$(TARGET_NAME)";
			};
			name = Release;
		};
		9744AA491BAB8536005C9DBC /* Debug */ = {
			isa = XCBuildConfiguration;
			buildSettings = {
				BUNDLE_LOADER = "$(TEST_HOST)";
				INFOPLIST_FILE = CalculatorTests/Info.plist;
				LD_RUNPATH_SEARCH_PATHS = "$(inherited) @executable_path/Frameworks @loader_path/Frameworks";
				PRODUCT_BUNDLE_IDENTIFIER = tw.edu.nkfust.0251055.CalculatorTests;
				PRODUCT_NAME = "$(TARGET_NAME)";
				TEST_HOST = "$(BUILT_PRODUCTS_DIR)/Calculator.app/Calculator";
			};
			name = Debug;
		};
		9744AA4A1BAB8536005C9DBC /* Release */ = {
			isa = XCBuildConfiguration;
			buildSettings = {
				BUNDLE_LOADER = "$(TEST_HOST)";
				INFOPLIST_FILE = CalculatorTests/Info.plist;
				LD_RUNPATH_SEARCH_PATHS = "$(inherited) @executable_path/Frameworks @loader_path/Frameworks";
				PRODUCT_BUNDLE_IDENTIFIER = tw.edu.nkfust.0251055.CalculatorTests;
				PRODUCT_NAME = "$(TARGET_NAME)";
				TEST_HOST = "$(BUILT_PRODUCTS_DIR)/Calculator.app/Calculator";
			};
			name = Release;
		};
		9744AA4C1BAB8536005C9DBC /* Debug */ = {
			isa = XCBuildConfiguration;
			buildSettings = {
				INFOPLIST_FILE = CalculatorUITests/Info.plist;
				LD_RUNPATH_SEARCH_PATHS = "$(inherited) @executable_path/Frameworks @loader_path/Frameworks";
				PRODUCT_BUNDLE_IDENTIFIER = tw.edu.nkfust.0251055.CalculatorUITests;
				PRODUCT_NAME = "$(TARGET_NAME)";
				TEST_TARGET_NAME = Calculator;
				USES_XCTRUNNER = YES;
			};
			name = Debug;
		};
		9744AA4D1BAB8536005C9DBC /* Release */ = {
			isa = XCBuildConfiguration;
			buildSettings = {
				INFOPLIST_FILE = CalculatorUITests/Info.plist;
				LD_RUNPATH_SEARCH_PATHS = "$(inherited) @executable_path/Frameworks @loader_path/Frameworks";
				PRODUCT_BUNDLE_IDENTIFIER = tw.edu.nkfust.0251055.CalculatorUITests;
				PRODUCT_NAME = "$(TARGET_NAME)";
				TEST_TARGET_NAME = Calculator;
				USES_XCTRUNNER = YES;
			};
			name = Release;
		};
/* End XCBuildConfiguration section */

/* Begin XCConfigurationList section */
		9744AA181BAB8536005C9DBC /* Build configuration list for PBXProject "Calculator" */ = {
			isa = XCConfigurationList;
			buildConfigurations = (
				9744AA431BAB8536005C9DBC /* Debug */,
				9744AA441BAB8536005C9DBC /* Release */,
			);
			defaultConfigurationIsVisible = 0;
			defaultConfigurationName = Release;
		};
		9744AA451BAB8536005C9DBC /* Build configuration list for PBXNativeTarget "Calculator" */ = {
			isa = XCConfigurationList;
			buildConfigurations = (
				9744AA461BAB8536005C9DBC /* Debug */,
				9744AA471BAB8536005C9DBC /* Release */,
			);
			defaultConfigurationIsVisible = 0;
		};
		9744AA481BAB8536005C9DBC /* Build configuration list for PBXNativeTarget "CalculatorTests" */ = {
			isa = XCConfigurationList;
			buildConfigurations = (
				9744AA491BAB8536005C9DBC /* Debug */,
				9744AA4A1BAB8536005C9DBC /* Release */,
			);
			defaultConfigurationIsVisible = 0;
		};
		9744AA4B1BAB8536005C9DBC /* Build configuration list for PBXNativeTarget "CalculatorUITests" */ = {
			isa = XCConfigurationList;
			buildConfigurations = (
				9744AA4C1BAB8536005C9DBC /* Debug */,
				9744AA4D1BAB8536005C9DBC /* Release */,
			);
			defaultConfigurationIsVisible = 0;
		};
/* End XCConfigurationList section */
	};
	rootObject = 9744AA151BAB8536005C9DBC /* Project object */;
}
